{
  "name": "ngx-cleave-directive",
  "version": "1.0.1",
  "lockfileVersion": 1,
  "requires": true,
  "dependencies": {
    "cleave.js": {
      "version": "1.3.7",
      "resolved": "https://registry.npmjs.org/cleave.js/-/cleave.js-1.3.7.tgz",
      "integrity": "sha512-ywuoiVhxLhKX6b1YWFrp1JLmGYvfRr1WvMKNiI3vcn/7wBnLmRP3pYS5SOLSIRW7feqDkexIkzdU65VyQkdYvg==",
      "dev": true
    }
  }
}
